
Microsoft Visual Studio Solution File, Format Version 12.00
# Visual Studio Version 17
VisualStudioVersion = 17.3.32825.248
MinimumVisualStudioVersion = 10.0.40219.1
Project("{9A19103F-16F7-4668-BE54-9A1E7A4F7556}") = "Shopizant.CodeFirst.DAL", "Shopizant.CodeFirst.DAL\Shopizant.CodeFirst.DAL.csproj", "{0771C335-8B0F-4E9B-976B-3665605341C4}"
EndProject
Project("{9A19103F-16F7-4668-BE54-9A1E7A4F7556}") = "Shopizant.ServicesLayers", "Shopizant.ServicesLayers\Shopizant.ServicesLayers.csproj", "{279EEF3D-C40E-47DC-B894-40CF03280368}"
EndProject
Global
	GlobalSection(SolutionConfigurationPlatforms) = preSolution
		Debug|Any CPU = Debug|Any CPU
		Release|Any CPU = Release|Any CPU
	EndGlobalSection
	GlobalSection(ProjectConfigurationPlatforms) = postSolution
		{0771C335-8B0F-4E9B-976B-3665605341C4}.Debug|Any CPU.ActiveCfg = Debug|Any CPU
		{0771C335-8B0F-4E9B-976B-3665605341C4}.Debug|Any CPU.Build.0 = Debug|Any CPU
		{0771C335-8B0F-4E9B-976B-3665605341C4}.Release|Any CPU.ActiveCfg = Release|Any CPU
		{0771C335-8B0F-4E9B-976B-3665605341C4}.Release|Any CPU.Build.0 = Release|Any CPU
		{279EEF3D-C40E-47DC-B894-40CF03280368}.Debug|Any CPU.ActiveCfg = Debug|Any CPU
		{279EEF3D-C40E-47DC-B894-40CF03280368}.Debug|Any CPU.Build.0 = Debug|Any CPU
		{279EEF3D-C40E-47DC-B894-40CF03280368}.Release|Any CPU.ActiveCfg = Release|Any CPU
		{279EEF3D-C40E-47DC-B894-40CF03280368}.Release|Any CPU.Build.0 = Release|Any CPU
	EndGlobalSection
	GlobalSection(SolutionProperties) = preSolution
		HideSolutionNode = FALSE
	EndGlobalSection
	GlobalSection(ExtensibilityGlobals) = postSolution
		SolutionGuid = {26F55C33-7295-4261-A42E-00B3D3CD4CD6}
	EndGlobalSection
EndGlobal
